
Microsoft Visual Studio Solution File, Format Version 12.00
# Visual Studio Version 16
VisualStudioVersion = 16.0.32106.194
MinimumVisualStudioVersion = 10.0.40219.1
Project("{8BC9CEB8-8B4A-11D0-8D11-00A0C91BC942}") = "ShadowMapping", "ShadowMapping\ShadowMapping.vcxproj", "{0DAA492E-730E-41E4-9D3E-72A891713EED}"
EndProject
Global
	GlobalSection(SolutionConfigurationPlatforms) = preSolution
		Debug|x64 = Debug|x64
		Debug|x86 = Debug|x86
		Release|x64 = Release|x64
		Release|x86 = Release|x86
	EndGlobalSection
	GlobalSection(ProjectConfigurationPlatforms) = postSolution
		{0DAA492E-730E-41E4-9D3E-72A891713EED}.Debug|x64.ActiveCfg = Debug|x64
		{0DAA492E-730E-41E4-9D3E-72A891713EED}.Debug|x64.Build.0 = Debug|x64
		{0DAA492E-730E-41E4-9D3E-72A891713EED}.Debug|x86.ActiveCfg = Debug|Win32
		{0DAA492E-730E-41E4-9D3E-72A891713EED}.Debug|x86.Build.0 = Debug|Win32
		{0DAA492E-730E-41E4-9D3E-72A891713EED}.Release|x64.ActiveCfg = Release|x64
		{0DAA492E-730E-41E4-9D3E-72A891713EED}.Release|x64.Build.0 = Release|x64
		{0DAA492E-730E-41E4-9D3E-72A891713EED}.Release|x86.ActiveCfg = Release|Win32
		{0DAA492E-730E-41E4-9D3E-72A891713EED}.Release|x86.Build.0 = Release|Win32
	EndGlobalSection
	GlobalSection(SolutionProperties) = preSolution
		HideSolutionNode = FALSE
	EndGlobalSection
	GlobalSection(ExtensibilityGlobals) = postSolution
		SolutionGuid = {EAFF5682-34B3-4CDE-81F8-34F8EBBDD015}
	EndGlobalSection
EndGlobal
