
Microsoft Visual Studio Solution File, Format Version 12.00
# Visual Studio Version 16
VisualStudioVersion = 16.0.32106.194
MinimumVisualStudioVersion = 10.0.40219.1
Project("{8BC9CEB8-8B4A-11D0-8D11-00A0C91BC942}") = "CubeMapping", "CubeMapping\CubeMapping.vcxproj", "{290065C3-C7F9-4A33-B261-3C98120A4F24}"
EndProject
Global
	GlobalSection(SolutionConfigurationPlatforms) = preSolution
		Debug|x64 = Debug|x64
		Debug|x86 = Debug|x86
		Release|x64 = Release|x64
		Release|x86 = Release|x86
	EndGlobalSection
	GlobalSection(ProjectConfigurationPlatforms) = postSolution
		{290065C3-C7F9-4A33-B261-3C98120A4F24}.Debug|x64.ActiveCfg = Debug|x64
		{290065C3-C7F9-4A33-B261-3C98120A4F24}.Debug|x64.Build.0 = Debug|x64
		{290065C3-C7F9-4A33-B261-3C98120A4F24}.Debug|x86.ActiveCfg = Debug|Win32
		{290065C3-C7F9-4A33-B261-3C98120A4F24}.Debug|x86.Build.0 = Debug|Win32
		{290065C3-C7F9-4A33-B261-3C98120A4F24}.Release|x64.ActiveCfg = Release|x64
		{290065C3-C7F9-4A33-B261-3C98120A4F24}.Release|x64.Build.0 = Release|x64
		{290065C3-C7F9-4A33-B261-3C98120A4F24}.Release|x86.ActiveCfg = Release|Win32
		{290065C3-C7F9-4A33-B261-3C98120A4F24}.Release|x86.Build.0 = Release|Win32
	EndGlobalSection
	GlobalSection(SolutionProperties) = preSolution
		HideSolutionNode = FALSE
	EndGlobalSection
	GlobalSection(ExtensibilityGlobals) = postSolution
		SolutionGuid = {9AE85F97-9644-4912-BCBE-9E9292FAADA8}
	EndGlobalSection
EndGlobal
