
Microsoft Visual Studio Solution File, Format Version 12.00
# Visual Studio Version 16
VisualStudioVersion = 16.0.32106.194
MinimumVisualStudioVersion = 10.0.40219.1
Project("{8BC9CEB8-8B4A-11D0-8D11-00A0C91BC942}") = "Picking", "Picking\Picking.vcxproj", "{113AB24B-705B-44B6-867C-5086FC98A0BC}"
EndProject
Global
	GlobalSection(SolutionConfigurationPlatforms) = preSolution
		Debug|x64 = Debug|x64
		Debug|x86 = Debug|x86
		Release|x64 = Release|x64
		Release|x86 = Release|x86
	EndGlobalSection
	GlobalSection(ProjectConfigurationPlatforms) = postSolution
		{113AB24B-705B-44B6-867C-5086FC98A0BC}.Debug|x64.ActiveCfg = Debug|x64
		{113AB24B-705B-44B6-867C-5086FC98A0BC}.Debug|x64.Build.0 = Debug|x64
		{113AB24B-705B-44B6-867C-5086FC98A0BC}.Debug|x86.ActiveCfg = Debug|Win32
		{113AB24B-705B-44B6-867C-5086FC98A0BC}.Debug|x86.Build.0 = Debug|Win32
		{113AB24B-705B-44B6-867C-5086FC98A0BC}.Release|x64.ActiveCfg = Release|x64
		{113AB24B-705B-44B6-867C-5086FC98A0BC}.Release|x64.Build.0 = Release|x64
		{113AB24B-705B-44B6-867C-5086FC98A0BC}.Release|x86.ActiveCfg = Release|Win32
		{113AB24B-705B-44B6-867C-5086FC98A0BC}.Release|x86.Build.0 = Release|Win32
	EndGlobalSection
	GlobalSection(SolutionProperties) = preSolution
		HideSolutionNode = FALSE
	EndGlobalSection
	GlobalSection(ExtensibilityGlobals) = postSolution
		SolutionGuid = {18024F18-E206-42D5-A38E-D8CE7F281934}
	EndGlobalSection
EndGlobal
